
Microsoft Visual Studio Solution File, Format Version 12.00
# Visual Studio Version 17
VisualStudioVersion = 17.5.33424.131
MinimumVisualStudioVersion = 10.0.40219.1
Project("{FAE04EC0-301F-11D3-BF4B-00C04F79EFBC}") = "FunctionalProblem", "FunctionalProblem.csproj", "{F64F26C6-BEBC-484E-A2F0-B833F3ADC571}"
EndProject
Global
	GlobalSection(SolutionConfigurationPlatforms) = preSolution
		Debug|Any CPU = Debug|Any CPU
		Release|Any CPU = Release|Any CPU
	EndGlobalSection
	GlobalSection(ProjectConfigurationPlatforms) = postSolution
		{F64F26C6-BEBC-484E-A2F0-B833F3ADC571}.Debug|Any CPU.ActiveCfg = Debug|Any CPU
		{F64F26C6-BEBC-484E-A2F0-B833F3ADC571}.Debug|Any CPU.Build.0 = Debug|Any CPU
		{F64F26C6-BEBC-484E-A2F0-B833F3ADC571}.Release|Any CPU.ActiveCfg = Release|Any CPU
		{F64F26C6-BEBC-484E-A2F0-B833F3ADC571}.Release|Any CPU.Build.0 = Release|Any CPU
	EndGlobalSection
	GlobalSection(SolutionProperties) = preSolution
		HideSolutionNode = FALSE
	EndGlobalSection
	GlobalSection(ExtensibilityGlobals) = postSolution
		SolutionGuid = {34CCE649-4894-4F47-9544-BE00A5D3C621}
	EndGlobalSection
EndGlobal
